
Microsoft Visual Studio Solution File, Format Version 12.00
# Visual Studio 15
VisualStudioVersion = 15.0.27703.2035
MinimumVisualStudioVersion = 10.0.40219.1
Project("{FAE04EC0-301F-11D3-BF4B-00C04F79EFBC}") = "EntityToCsv", "EntityToCsv.csproj", "{119EE697-9B8F-49A0-BC65-E014C7E38809}"
EndProject
Project("{FAE04EC0-301F-11D3-BF4B-00C04F79EFBC}") = "EntityToCsvTests", "..\EntityToCsvTests\EntityToCsvTests.csproj", "{11DB2977-6FE1-4419-BB6E-CE3A2CBBE687}"
EndProject
Global
	GlobalSection(SolutionConfigurationPlatforms) = preSolution
		Debug|Any CPU = Debug|Any CPU
		Release|Any CPU = Release|Any CPU
	EndGlobalSection
	GlobalSection(ProjectConfigurationPlatforms) = postSolution
		{119EE697-9B8F-49A0-BC65-E014C7E38809}.Debug|Any CPU.ActiveCfg = Debug|Any CPU
		{119EE697-9B8F-49A0-BC65-E014C7E38809}.Debug|Any CPU.Build.0 = Debug|Any CPU
		{119EE697-9B8F-49A0-BC65-E014C7E38809}.Release|Any CPU.ActiveCfg = Release|Any CPU
		{119EE697-9B8F-49A0-BC65-E014C7E38809}.Release|Any CPU.Build.0 = Release|Any CPU
		{11DB2977-6FE1-4419-BB6E-CE3A2CBBE687}.Debug|Any CPU.ActiveCfg = Debug|Any CPU
		{11DB2977-6FE1-4419-BB6E-CE3A2CBBE687}.Debug|Any CPU.Build.0 = Debug|Any CPU
		{11DB2977-6FE1-4419-BB6E-CE3A2CBBE687}.Release|Any CPU.ActiveCfg = Release|Any CPU
		{11DB2977-6FE1-4419-BB6E-CE3A2CBBE687}.Release|Any CPU.Build.0 = Release|Any CPU
	EndGlobalSection
	GlobalSection(SolutionProperties) = preSolution
		HideSolutionNode = FALSE
	EndGlobalSection
	GlobalSection(ExtensibilityGlobals) = postSolution
		SolutionGuid = {E3BE7F45-2F5F-43EE-81CC-A4905863D500}
	EndGlobalSection
EndGlobal
